// !$*UTF8*$!
{
	archiveVersion = 1;
	classes = {
	};
	objectVersion = 46;
	objects = {

/* Begin PBXBuildFile section */
		D315C1BD1C90664000303C95 /* AppDelegate.swift in Sources */ = {isa = PBXBuildFile; fileRef = D315C1BC1C90664000303C95 /* AppDelegate.swift */; };
		D315C1BF1C90664000303C95 /* ViewController.swift in Sources */ = {isa = PBXBuildFile; fileRef = D315C1BE1C90664000303C95 /* ViewController.swift */; };
		D315C1C21C90664000303C95 /* Main.storyboard in Resources */ = {isa = PBXBuildFile; fileRef = D315C1C01C90664000303C95 /* Main.storyboard */; };
		D315C1C41C90664000303C95 /* Assets.xcassets in Resources */ = {isa = PBXBuildFile; fileRef = D315C1C31C90664000303C95 /* Assets.xcassets */; };
		D315C1C71C90664000303C95 /* LaunchScreen.storyboard in Resources */ = {isa = PBXBuildFile; fileRef = D315C1C51C90664000303C95 /* LaunchScreen.storyboard */; };
		D315C1CF1C90670A00303C95 /* Character.swift in Sources */ = {isa = PBXBuildFile; fileRef = D315C1CE1C90670A00303C95 /* Character.swift */; };
		D315C1D11C90687700303C95 /* Player.swift in Sources */ = {isa = PBXBuildFile; fileRef = D315C1D01C90687700303C95 /* Player.swift */; };
/* End PBXBuildFile section */

/* Begin PBXFileReference section */
		D315C1B91C90664000303C95 /* rpg_oop.app */ = {isa = PBXFileReference; explicitFileType = wrapper.application; includeInIndex = 0; path = rpg_oop.app; sourceTree = BUILT_PRODUCTS_DIR; };
		D315C1BC1C90664000303C95 /* AppDelegate.swift */ = {isa = PBXFileReference; lastKnownFileType = sourcecode.swift; path = AppDelegate.swift; sourceTree = "<group>"; };
		D315C1BE1C90664000303C95 /* ViewController.swift */ = {isa = PBXFileReference; lastKnownFileType = sourcecode.swift; path = ViewController.swift; sourceTree = "<group>"; };
		D315C1C11C90664000303C95 /* Base */ = {isa = PBXFileReference; lastKnownFileType = file.storyboard; name = Base; path = Base.lproj/Main.storyboard; sourceTree = "<group>"; };
		D315C1C31C90664000303C95 /* Assets.xcassets */ = {isa = PBXFileReference; lastKnownFileType = folder.assetcatalog; path = Assets.xcassets; sourceTree = "<group>"; };
		D315C1C61C90664000303C95 /* Base */ = {isa = PBXFileReference; lastKnownFileType = file.storyboard; name = Base; path = Base.lproj/LaunchScreen.storyboard; sourceTree = "<group>"; };
		D315C1C81C90664000303C95 /* Info.plist */ = {isa = PBXFileReference; lastKnownFileType = text.plist.xml; path = Info.plist; sourceTree = "<group>"; };
		D315C1CE1C90670A00303C95 /* Character.swift */ = {isa = PBXFileReference; fileEncoding = 4; lastKnownFileType = sourcecode.swift; path = Character.swift; sourceTree = "<group>"; };
		D315C1D01C90687700303C95 /* Player.swift */ = {isa = PBXFileReference; fileEncoding = 4; lastKnownFileType = sourcecode.swift; path = Player.swift; sourceTree = "<group>"; };
/* End PBXFileReference section */

/* Begin PBXFrameworksBuildPhase section */
		D315C1B61C90664000303C95 /* Frameworks */ = {
			isa = PBXFrameworksBuildPhase;
			buildActionMask = 2147483647;
			files = (
			);
			runOnlyForDeploymentPostprocessing = 0;
		};
/* End PBXFrameworksBuildPhase section */

/* Begin PBXGroup section */
		D315C1B01C90664000303C95 = {
			isa = PBXGroup;
			children = (
				D315C1BB1C90664000303C95 /* rpg_oop */,
				D315C1BA1C90664000303C95 /* Products */,
			);
			sourceTree = "<group>";
		};
		D315C1BA1C90664000303C95 /* Products */ = {
			isa = PBXGroup;
			children = (
				D315C1B91C90664000303C95 /* rpg_oop.app */,
			);
			name = Products;
			sourceTree = "<group>";
		};
		D315C1BB1C90664000303C95 /* rpg_oop */ = {
			isa = PBXGroup;
			children = (
				D315C1BC1C90664000303C95 /* AppDelegate.swift */,
				D315C1BE1C90664000303C95 /* ViewController.swift */,
				D315C1C01C90664000303C95 /* Main.storyboard */,
				D315C1C31C90664000303C95 /* Assets.xcassets */,
				D315C1C51C90664000303C95 /* LaunchScreen.storyboard */,
				D315C1C81C90664000303C95 /* Info.plist */,
				D315C1CE1C90670A00303C95 /* Character.swift */,
				D315C1D01C90687700303C95 /* Player.swift */,
			);
			path = rpg_oop;
			sourceTree = "<group>";
		};
/* End PBXGroup section */

/* Begin PBXNativeTarget section */
		D315C1B81C90664000303C95 /* rpg_oop */ = {
			isa = PBXNativeTarget;
			buildConfigurationList = D315C1CB1C90664000303C95 /* Build configuration list for PBXNativeTarget "rpg_oop" */;
			buildPhases = (
				D315C1B51C90664000303C95 /* Sources */,
				D315C1B61C90664000303C95 /* Frameworks */,
				D315C1B71C90664000303C95 /* Resources */,
			);
			buildRules = (
			);
			dependencies = (
			);
			name = rpg_oop;
			productName = rpg_oop;
			productReference = D315C1B91C90664000303C95 /* rpg_oop.app */;
			productType = "com.apple.product-type.application";
		};
/* End PBXNativeTarget section */

/* Begin PBXProject section */
		D315C1B11C90664000303C95 /* Project object */ = {
			isa = PBXProject;
			attributes = {
				LastSwiftUpdateCheck = 0720;
				LastUpgradeCheck = 0720;
				ORGANIZATIONNAME = "William L. Marr III";
				TargetAttributes = {
					D315C1B81C90664000303C95 = {
						CreatedOnToolsVersion = 7.2.1;
						DevelopmentTeam = 48DP5ENKMR;
					};
				};
			};
			buildConfigurationList = D315C1B41C90664000303C95 /* Build configuration list for PBXProject "rpg_oop" */;
			compatibilityVersion = "Xcode 3.2";
			developmentRegion = English;
			hasScannedForEncodings = 0;
			knownRegions = (
				en,
				Base,
			);
			mainGroup = D315C1B01C90664000303C95;
			productRefGroup = D315C1BA1C90664000303C95 /* Products */;
			projectDirPath = "";
			projectRoot = "";
			targets = (
				D315C1B81C90664000303C95 /* rpg_oop */,
			);
		};
/* End PBXProject section */

/* Begin PBXResourcesBuildPhase section */
		D315C1B71C90664000303C95 /* Resources */ = {
			isa = PBXResourcesBuildPhase;
			buildActionMask = 2147483647;
			files = (
				D315C1C71C90664000303C95 /* LaunchScreen.storyboard in Resources */,
				D315C1C41C90664000303C95 /* Assets.xcassets in Resources */,
				D315C1C21C90664000303C95 /* Main.storyboard in Resources */,
			);
			runOnlyForDeploymentPostprocessing = 0;
		};
/* End PBXResourcesBuildPhase section */

/* Begin PBXSourcesBuildPhase section */
		D315C1B51C90664000303C95 /* Sources */ = {
			isa = PBXSourcesBuildPhase;
			buildActionMask = 2147483647;
			files = (
				D315C1D11C90687700303C95 /* Player.swift in Sources */,
				D315C1CF1C90670A00303C95 /* Character.swift in Sources */,
				D315C1BF1C90664000303C95 /* ViewController.swift in Sources */,
				D315C1BD1C90664000303C95 /* AppDelegate.swift in Sources */,
			);
			runOnlyForDeploymentPostprocessing = 0;
		};
/* End PBXSourcesBuildPhase section */

/* Begin PBXVariantGroup section */
		D315C1C01C90664000303C95 /* Main.storyboard */ = {
			isa = PBXVariantGroup;
			children = (
				D315C1C11C90664000303C95 /* Base */,
			);
			name = Main.storyboard;
			sourceTree = "<group>";
		};
		D315C1C51C90664000303C95 /* LaunchScreen.storyboard */ = {
			isa = PBXVariantGroup;
			children = (
				D315C1C61C90664000303C95 /* Base */,
			);
			name = LaunchScreen.storyboard;
			sourceTree = "<group>";
		};
/* End PBXVariantGroup section */

/* Begin XCBuildConfiguration section */
		D315C1C91C90664000303C95 /* Debug */ = {
			isa = XCBuildConfiguration;
			buildSettings = {
				ALWAYS_SEARCH_USER_PATHS = NO;
				CLANG_CXX_LANGUAGE_STANDARD = "gnu++0x";
				CLANG_CXX_LIBRARY = "libc++";
				CLANG_ENABLE_MODULES = YES;
				CLANG_ENABLE_OBJC_ARC = YES;
				CLANG_WARN_BOOL_CONVERSION = YES;
				CLANG_WARN_CONSTANT_CONVERSION = YES;
				CLANG_WARN_DIRECT_OBJC_ISA_USAGE = YES_ERROR;
				CLANG_WARN_EMPTY_BODY = YES;
				CLANG_WARN_ENUM_CONVERSION = YES;
				CLANG_WARN_INT_CONVERSION = YES;
				CLANG_WARN_OBJC_ROOT_CLASS = YES_ERROR;
				CLANG_WARN_UNREACHABLE_CODE = YES;
				CLANG_WARN__DUPLICATE_METHOD_MATCH = YES;
				"CODE_SIGN_IDENTITY[sdk=iphoneos*]" = "iPhone Developer";
				COPY_PHASE_STRIP = NO;
				DEBUG_INFORMATION_FORMAT = dwarf;
				ENABLE_STRICT_OBJC_MSGSEND = YES;
				ENABLE_TESTABILITY = YES;
				GCC_C_LANGUAGE_STANDARD = gnu99;
				GCC_DYNAMIC_NO_PIC = NO;
				GCC_NO_COMMON_BLOCKS = YES;
				GCC_OPTIMIZATION_LEVEL = 0;
				GCC_PREPROCESSOR_DEFINITIONS = (
					"DEBUG=1",
					"$(inherited)",
				);
				GCC_WARN_64_TO_32_BIT_CONVERSION = YES;
				GCC_WARN_ABOUT_RETURN_TYPE = YES_ERROR;
				GCC_WARN_UNDECLARED_SELECTOR = YES;
				GCC_WARN_UNINITIALIZED_AUTOS = YES_AGGRESSIVE;
				GCC_WARN_UNUSED_FUNCTION = YES;
				GCC_WARN_UNUSED_VARIABLE = YES;
				IPHONEOS_DEPLOYMENT_TARGET = 9.2;
				MTL_ENABLE_DEBUG_INFO = YES;
				ONLY_ACTIVE_ARCH = YES;
				SDKROOT = iphoneos;
				SWIFT_OPTIMIZATION_LEVEL = "-Onone";
			};
			name = Debug;
		};
		D315C1CA1C90664000303C95 /* Release */ = {
			isa = XCBuildConfiguration;
			buildSettings = {
				ALWAYS_SEARCH_USER_PATHS = NO;
				CLANG_CXX_LANGUAGE_STANDARD = "gnu++0x";
				CLANG_CXX_LIBRARY = "libc++";
				CLANG_ENABLE_MODULES = YES;
				CLANG_ENABLE_OBJC_ARC = YES;
				CLANG_WARN_BOOL_CONVERSION = YES;
				CLANG_WARN_CONSTANT_CONVERSION = YES;
				CLANG_WARN_DIRECT_OBJC_ISA_USAGE = YES_ERROR;
				CLANG_WARN_EMPTY_BODY = YES;
				CLANG_WARN_ENUM_CONVERSION = YES;
				CLANG_WARN_INT_CONVERSION = YES;
				CLANG_WARN_OBJC_ROOT_CLASS = YES_ERROR;
				CLANG_WARN_UNREACHABLE_CODE = YES;
				CLANG_WARN__DUPLICATE_METHOD_MATCH = YES;
				"CODE_SIGN_IDENTITY[sdk=iphoneos*]" = "iPhone Developer";
				COPY_PHASE_STRIP = NO;
				DEBUG_INFORMATION_FORMAT = "dwarf-with-dsym";
				ENABLE_NS_ASSERTIONS = NO;
				ENABLE_STRICT_OBJC_MSGSEND = YES;
				GCC_C_LANGUAGE_STANDARD = gnu99;
				GCC_NO_COMMON_BLOCKS = YES;
				GCC_WARN_64_TO_32_BIT_CONVERSION = YES;
				GCC_WARN_ABOUT_RETURN_TYPE = YES_ERROR;
				GCC_WARN_UNDECLARED_SELECTOR = YES;
				GCC_WARN_UNINITIALIZED_AUTOS = YES_AGGRESSIVE;
				GCC_WARN_UNUSED_FUNCTION = YES;
				GCC_WARN_UNUSED_VARIABLE = YES;
				IPHONEOS_DEPLOYMENT_TARGET = 9.2;
				MTL_ENABLE_DEBUG_INFO = NO;
				SDKROOT = iphoneos;
				VALIDATE_PRODUCT = YES;
			};
			name = Release;
		};
		D315C1CC1C90664000303C95 /* Debug */ = {
			isa = XCBuildConfiguration;
			buildSettings = {
				ASSETCATALOG_COMPILER_APPICON_NAME = AppIcon;
				INFOPLIST_FILE = rpg_oop/Info.plist;
				LD_RUNPATH_SEARCH_PATHS = "$(inherited) @executable_path/Frameworks";
				PRODUCT_BUNDLE_IDENTIFIER = "net.wlmiii.rpg-oop";
				PRODUCT_NAME = "$(TARGET_NAME)";
			};
			name = Debug;
		};
		D315C1CD1C90664000303C95 /* Release */ = {
			isa = XCBuildConfiguration;
			buildSettings = {
				ASSETCATALOG_COMPILER_APPICON_NAME = AppIcon;
				INFOPLIST_FILE = rpg_oop/Info.plist;
				LD_RUNPATH_SEARCH_PATHS = "$(inherited) @executable_path/Frameworks";
				PRODUCT_BUNDLE_IDENTIFIER = "net.wlmiii.rpg-oop";
				PRODUCT_NAME = "$(TARGET_NAME)";
			};
			name = Release;
		};
/* End XCBuildConfiguration section */

/* Begin XCConfigurationList section */
		D315C1B41C90664000303C95 /* Build configuration list for PBXProject "rpg_oop" */ = {
			isa = XCConfigurationList;
			buildConfigurations = (
				D315C1C91C90664000303C95 /* Debug */,
				D315C1CA1C90664000303C95 /* Release */,
			);
			defaultConfigurationIsVisible = 0;
			defaultConfigurationName = Release;
		};
		D315C1CB1C90664000303C95 /* Build configuration list for PBXNativeTarget "rpg_oop" */ = {
			isa = XCConfigurationList;
			buildConfigurations = (
				D315C1CC1C90664000303C95 /* Debug */,
				D315C1CD1C90664000303C95 /* Release */,
			);
			defaultConfigurationIsVisible = 0;
		};
/* End XCConfigurationList section */
	};
	rootObject = D315C1B11C90664000303C95 /* Project object */;
}
